
Microsoft Visual Studio Solution File, Format Version 12.00
# Visual Studio Version 17
VisualStudioVersion = 17.5.33530.505
MinimumVisualStudioVersion = 10.0.40219.1
Project("{FAE04EC0-301F-11D3-BF4B-00C04F79EFBC}") = "CertificateProject", "CertificateProject\CertificateProject.csproj", "{862DD030-903D-4CF6-BB6F-4E921398C83E}"
EndProject
Global
	GlobalSection(SolutionConfigurationPlatforms) = preSolution
		Debug|Any CPU = Debug|Any CPU
		Release|Any CPU = Release|Any CPU
	EndGlobalSection
	GlobalSection(ProjectConfigurationPlatforms) = postSolution
		{862DD030-903D-4CF6-BB6F-4E921398C83E}.Debug|Any CPU.ActiveCfg = Debug|Any CPU
		{862DD030-903D-4CF6-BB6F-4E921398C83E}.Debug|Any CPU.Build.0 = Debug|Any CPU
		{862DD030-903D-4CF6-BB6F-4E921398C83E}.Release|Any CPU.ActiveCfg = Release|Any CPU
		{862DD030-903D-4CF6-BB6F-4E921398C83E}.Release|Any CPU.Build.0 = Release|Any CPU
	EndGlobalSection
	GlobalSection(SolutionProperties) = preSolution
		HideSolutionNode = FALSE
	EndGlobalSection
	GlobalSection(ExtensibilityGlobals) = postSolution
		SolutionGuid = {D512B8CF-E0D7-460E-B3BF-8D577009308D}
	EndGlobalSection
EndGlobal
